
Microsoft Visual Studio Solution File, Format Version 12.00
# Visual Studio Version 16
VisualStudioVersion = 16.0.29424.173
MinimumVisualStudioVersion = 10.0.40219.1
Project("{FAE04EC0-301F-11D3-BF4B-00C04F79EFBC}") = "taskaholic", "taskaholic\taskaholic.csproj", "{C43838EF-855B-4AC2-86B9-0C0FD57F580F}"
EndProject
Global
	GlobalSection(SolutionConfigurationPlatforms) = preSolution
		Debug|Any CPU = Debug|Any CPU
		Release|Any CPU = Release|Any CPU
	EndGlobalSection
	GlobalSection(ProjectConfigurationPlatforms) = postSolution
		{C43838EF-855B-4AC2-86B9-0C0FD57F580F}.Debug|Any CPU.ActiveCfg = Debug|Any CPU
		{C43838EF-855B-4AC2-86B9-0C0FD57F580F}.Debug|Any CPU.Build.0 = Debug|Any CPU
		{C43838EF-855B-4AC2-86B9-0C0FD57F580F}.Release|Any CPU.ActiveCfg = Release|Any CPU
		{C43838EF-855B-4AC2-86B9-0C0FD57F580F}.Release|Any CPU.Build.0 = Release|Any CPU
	EndGlobalSection
	GlobalSection(SolutionProperties) = preSolution
		HideSolutionNode = FALSE
	EndGlobalSection
	GlobalSection(ExtensibilityGlobals) = postSolution
		SolutionGuid = {318EA6A6-054B-4F41-9561-260CAEC9AA8F}
	EndGlobalSection
EndGlobal
